
Microsoft Visual Studio Solution File, Format Version 12.00
# Visual Studio Version 17
VisualStudioVersion = 17.14.36705.20
MinimumVisualStudioVersion = 10.0.40219.1
Project("{FAE04EC0-301F-11D3-BF4B-00C04F79EFBC}") = "RPG", "RPG\RPG.csproj", "{2D9E3603-E87A-4183-902D-192D1A83EB5D}"
EndProject
Global
	GlobalSection(SolutionConfigurationPlatforms) = preSolution
		Debug|Any CPU = Debug|Any CPU
		Release|Any CPU = Release|Any CPU
	EndGlobalSection
	GlobalSection(ProjectConfigurationPlatforms) = postSolution
		{2D9E3603-E87A-4183-902D-192D1A83EB5D}.Debug|Any CPU.ActiveCfg = Debug|Any CPU
		{2D9E3603-E87A-4183-902D-192D1A83EB5D}.Debug|Any CPU.Build.0 = Debug|Any CPU
		{2D9E3603-E87A-4183-902D-192D1A83EB5D}.Release|Any CPU.ActiveCfg = Release|Any CPU
		{2D9E3603-E87A-4183-902D-192D1A83EB5D}.Release|Any CPU.Build.0 = Release|Any CPU
	EndGlobalSection
	GlobalSection(SolutionProperties) = preSolution
		HideSolutionNode = FALSE
	EndGlobalSection
	GlobalSection(ExtensibilityGlobals) = postSolution
		SolutionGuid = {C59F0646-FBDD-41A9-9CC6-966DC5F61641}
	EndGlobalSection
EndGlobal
